
Microsoft Visual Studio Solution File, Format Version 12.00
# Visual Studio 2013
VisualStudioVersion = 12.0.31101.0
MinimumVisualStudioVersion = 10.0.40219.1
Project("{2150E333-8FDC-42A3-9474-1A3956D46DE8}") = "Supermarkt aanbiedingen", "Supermarkt aanbiedingen", "{C558567D-1583-4AD8-AC46-673E8B46E027}"
EndProject
Project("{D954291E-2A0B-460D-934E-DC6B0785DB48}") = "Supermarkt aanbiedingen.Shared", "Supermarkt aanbiedingen\Supermarkt aanbiedingen.Shared\Supermarkt aanbiedingen.Shared.shproj", "{3CD20394-E6FE-49A0-9A0C-16A35304FE03}"
EndProject
Project("{FAE04EC0-301F-11D3-BF4B-00C04F79EFBC}") = "Supermarkt aanbiedingen.Windows", "Supermarkt aanbiedingen\Supermarkt aanbiedingen.Windows\Supermarkt aanbiedingen.Windows.csproj", "{910991A1-D673-4C76-A60A-A13C976948AC}"
EndProject
Project("{FAE04EC0-301F-11D3-BF4B-00C04F79EFBC}") = "Supermarkt aanbiedingen.WindowsPhone", "Supermarkt aanbiedingen\Supermarkt aanbiedingen.WindowsPhone\Supermarkt aanbiedingen.WindowsPhone.csproj", "{32244F2C-30D8-4097-94F9-CAB0DF095F65}"
EndProject
Project("{FAE04EC0-301F-11D3-BF4B-00C04F79EFBC}") = "Supermarkt-aanbiedingenLogic", "Supermarkt-aanbiedingenLogic\Supermarkt-aanbiedingenLogic.csproj", "{AB37605F-CB28-4FC5-9DDB-D7A85E9AB561}"
EndProject
Project("{FAE04EC0-301F-11D3-BF4B-00C04F79EFBC}") = "WebCrawlerTools", "WebCrawlerTools\WebCrawlerTools.csproj", "{EF41C761-8924-40F6-BC70-AF1064796ED2}"
EndProject
Global
	GlobalSection(SharedMSBuildProjectFiles) = preSolution
		Supermarkt aanbiedingen\Supermarkt aanbiedingen.Shared\Supermarkt aanbiedingen.Shared.projitems*{32244f2c-30d8-4097-94f9-cab0df095f65}*SharedItemsImports = 4
		Supermarkt aanbiedingen\Supermarkt aanbiedingen.Shared\Supermarkt aanbiedingen.Shared.projitems*{3cd20394-e6fe-49a0-9a0c-16a35304fe03}*SharedItemsImports = 13
		Supermarkt aanbiedingen\Supermarkt aanbiedingen.Shared\Supermarkt aanbiedingen.Shared.projitems*{910991a1-d673-4c76-a60a-a13c976948ac}*SharedItemsImports = 4
	EndGlobalSection
	GlobalSection(SolutionConfigurationPlatforms) = preSolution
		Debug|Any CPU = Debug|Any CPU
		Debug|ARM = Debug|ARM
		Debug|x64 = Debug|x64
		Debug|x86 = Debug|x86
		Release|Any CPU = Release|Any CPU
		Release|ARM = Release|ARM
		Release|x64 = Release|x64
		Release|x86 = Release|x86
	EndGlobalSection
	GlobalSection(ProjectConfigurationPlatforms) = postSolution
		{910991A1-D673-4C76-A60A-A13C976948AC}.Debug|Any CPU.ActiveCfg = Debug|Any CPU
		{910991A1-D673-4C76-A60A-A13C976948AC}.Debug|Any CPU.Build.0 = Debug|Any CPU
		{910991A1-D673-4C76-A60A-A13C976948AC}.Debug|Any CPU.Deploy.0 = Debug|Any CPU
		{910991A1-D673-4C76-A60A-A13C976948AC}.Debug|ARM.ActiveCfg = Debug|ARM
		{910991A1-D673-4C76-A60A-A13C976948AC}.Debug|ARM.Build.0 = Debug|ARM
		{910991A1-D673-4C76-A60A-A13C976948AC}.Debug|ARM.Deploy.0 = Debug|ARM
		{910991A1-D673-4C76-A60A-A13C976948AC}.Debug|x64.ActiveCfg = Debug|x64
		{910991A1-D673-4C76-A60A-A13C976948AC}.Debug|x64.Build.0 = Debug|x64
		{910991A1-D673-4C76-A60A-A13C976948AC}.Debug|x64.Deploy.0 = Debug|x64
		{910991A1-D673-4C76-A60A-A13C976948AC}.Debug|x86.ActiveCfg = Debug|x86
		{910991A1-D673-4C76-A60A-A13C976948AC}.Debug|x86.Build.0 = Debug|x86
		{910991A1-D673-4C76-A60A-A13C976948AC}.Debug|x86.Deploy.0 = Debug|x86
		{910991A1-D673-4C76-A60A-A13C976948AC}.Release|Any CPU.ActiveCfg = Release|Any CPU
		{910991A1-D673-4C76-A60A-A13C976948AC}.Release|Any CPU.Build.0 = Release|Any CPU
		{910991A1-D673-4C76-A60A-A13C976948AC}.Release|Any CPU.Deploy.0 = Release|Any CPU
		{910991A1-D673-4C76-A60A-A13C976948AC}.Release|ARM.ActiveCfg = Release|ARM
		{910991A1-D673-4C76-A60A-A13C976948AC}.Release|ARM.Build.0 = Release|ARM
		{910991A1-D673-4C76-A60A-A13C976948AC}.Release|ARM.Deploy.0 = Release|ARM
		{910991A1-D673-4C76-A60A-A13C976948AC}.Release|x64.ActiveCfg = Release|x64
		{910991A1-D673-4C76-A60A-A13C976948AC}.Release|x64.Build.0 = Release|x64
		{910991A1-D673-4C76-A60A-A13C976948AC}.Release|x64.Deploy.0 = Release|x64
		{910991A1-D673-4C76-A60A-A13C976948AC}.Release|x86.ActiveCfg = Release|x86
		{910991A1-D673-4C76-A60A-A13C976948AC}.Release|x86.Build.0 = Release|x86
		{910991A1-D673-4C76-A60A-A13C976948AC}.Release|x86.Deploy.0 = Release|x86
		{32244F2C-30D8-4097-94F9-CAB0DF095F65}.Debug|Any CPU.ActiveCfg = Debug|Any CPU
		{32244F2C-30D8-4097-94F9-CAB0DF095F65}.Debug|Any CPU.Build.0 = Debug|Any CPU
		{32244F2C-30D8-4097-94F9-CAB0DF095F65}.Debug|Any CPU.Deploy.0 = Debug|Any CPU
		{32244F2C-30D8-4097-94F9-CAB0DF095F65}.Debug|ARM.ActiveCfg = Debug|ARM
		{32244F2C-30D8-4097-94F9-CAB0DF095F65}.Debug|ARM.Build.0 = Debug|ARM
		{32244F2C-30D8-4097-94F9-CAB0DF095F65}.Debug|ARM.Deploy.0 = Debug|ARM
		{32244F2C-30D8-4097-94F9-CAB0DF095F65}.Debug|x64.ActiveCfg = Debug|Any CPU
		{32244F2C-30D8-4097-94F9-CAB0DF095F65}.Debug|x86.ActiveCfg = Debug|x86
		{32244F2C-30D8-4097-94F9-CAB0DF095F65}.Debug|x86.Build.0 = Debug|x86
		{32244F2C-30D8-4097-94F9-CAB0DF095F65}.Debug|x86.Deploy.0 = Debug|x86
		{32244F2C-30D8-4097-94F9-CAB0DF095F65}.Release|Any CPU.ActiveCfg = Release|Any CPU
		{32244F2C-30D8-4097-94F9-CAB0DF095F65}.Release|Any CPU.Build.0 = Release|Any CPU
		{32244F2C-30D8-4097-94F9-CAB0DF095F65}.Release|Any CPU.Deploy.0 = Release|Any CPU
		{32244F2C-30D8-4097-94F9-CAB0DF095F65}.Release|ARM.ActiveCfg = Release|ARM
		{32244F2C-30D8-4097-94F9-CAB0DF095F65}.Release|ARM.Build.0 = Release|ARM
		{32244F2C-30D8-4097-94F9-CAB0DF095F65}.Release|ARM.Deploy.0 = Release|ARM
		{32244F2C-30D8-4097-94F9-CAB0DF095F65}.Release|x64.ActiveCfg = Release|Any CPU
		{32244F2C-30D8-4097-94F9-CAB0DF095F65}.Release|x86.ActiveCfg = Release|x86
		{32244F2C-30D8-4097-94F9-CAB0DF095F65}.Release|x86.Build.0 = Release|x86
		{32244F2C-30D8-4097-94F9-CAB0DF095F65}.Release|x86.Deploy.0 = Release|x86
		{AB37605F-CB28-4FC5-9DDB-D7A85E9AB561}.Debug|Any CPU.ActiveCfg = Debug|Any CPU
		{AB37605F-CB28-4FC5-9DDB-D7A85E9AB561}.Debug|Any CPU.Build.0 = Debug|Any CPU
		{AB37605F-CB28-4FC5-9DDB-D7A85E9AB561}.Debug|ARM.ActiveCfg = Debug|Any CPU
		{AB37605F-CB28-4FC5-9DDB-D7A85E9AB561}.Debug|x64.ActiveCfg = Debug|Any CPU
		{AB37605F-CB28-4FC5-9DDB-D7A85E9AB561}.Debug|x86.ActiveCfg = Debug|Any CPU
		{AB37605F-CB28-4FC5-9DDB-D7A85E9AB561}.Release|Any CPU.ActiveCfg = Release|Any CPU
		{AB37605F-CB28-4FC5-9DDB-D7A85E9AB561}.Release|Any CPU.Build.0 = Release|Any CPU
		{AB37605F-CB28-4FC5-9DDB-D7A85E9AB561}.Release|ARM.ActiveCfg = Release|Any CPU
		{AB37605F-CB28-4FC5-9DDB-D7A85E9AB561}.Release|x64.ActiveCfg = Release|Any CPU
		{AB37605F-CB28-4FC5-9DDB-D7A85E9AB561}.Release|x86.ActiveCfg = Release|Any CPU
		{EF41C761-8924-40F6-BC70-AF1064796ED2}.Debug|Any CPU.ActiveCfg = Debug|Any CPU
		{EF41C761-8924-40F6-BC70-AF1064796ED2}.Debug|Any CPU.Build.0 = Debug|Any CPU
		{EF41C761-8924-40F6-BC70-AF1064796ED2}.Debug|ARM.ActiveCfg = Debug|Any CPU
		{EF41C761-8924-40F6-BC70-AF1064796ED2}.Debug|x64.ActiveCfg = Debug|Any CPU
		{EF41C761-8924-40F6-BC70-AF1064796ED2}.Debug|x86.ActiveCfg = Debug|Any CPU
		{EF41C761-8924-40F6-BC70-AF1064796ED2}.Release|Any CPU.ActiveCfg = Release|Any CPU
		{EF41C761-8924-40F6-BC70-AF1064796ED2}.Release|Any CPU.Build.0 = Release|Any CPU
		{EF41C761-8924-40F6-BC70-AF1064796ED2}.Release|ARM.ActiveCfg = Release|Any CPU
		{EF41C761-8924-40F6-BC70-AF1064796ED2}.Release|x64.ActiveCfg = Release|Any CPU
		{EF41C761-8924-40F6-BC70-AF1064796ED2}.Release|x86.ActiveCfg = Release|Any CPU
	EndGlobalSection
	GlobalSection(SolutionProperties) = preSolution
		HideSolutionNode = FALSE
	EndGlobalSection
	GlobalSection(NestedProjects) = preSolution
		{3CD20394-E6FE-49A0-9A0C-16A35304FE03} = {C558567D-1583-4AD8-AC46-673E8B46E027}
		{910991A1-D673-4C76-A60A-A13C976948AC} = {C558567D-1583-4AD8-AC46-673E8B46E027}
		{32244F2C-30D8-4097-94F9-CAB0DF095F65} = {C558567D-1583-4AD8-AC46-673E8B46E027}
	EndGlobalSection
EndGlobal
